
Microsoft Visual Studio Solution File, Format Version 12.00
# Visual Studio Version 16
VisualStudioVersion = 16.0.30523.141
MinimumVisualStudioVersion = 10.0.40219.1
Project("{E24C65DC-7377-472B-9ABA-BC803B73C61A}") = "MothersDay_Card", ".", "{AAFF5747-F37D-44F6-8BE4-CE3E0BA2F211}"
	ProjectSection(WebsiteProperties) = preProject
		TargetFrameworkMoniker = ".NETFramework,Version%3Dv4.0"
		Debug.AspNetCompiler.VirtualPath = "/localhost_61796"
		Debug.AspNetCompiler.PhysicalPath = "..\MothersDay_Card\"
		Debug.AspNetCompiler.TargetPath = "PrecompiledWeb\localhost_61796\"
		Debug.AspNetCompiler.Updateable = "true"
		Debug.AspNetCompiler.ForceOverwrite = "true"
		Debug.AspNetCompiler.FixedNames = "false"
		Debug.AspNetCompiler.Debug = "True"
		Release.AspNetCompiler.VirtualPath = "/localhost_61796"
		Release.AspNetCompiler.PhysicalPath = "..\MothersDay_Card\"
		Release.AspNetCompiler.TargetPath = "PrecompiledWeb\localhost_61796\"
		Release.AspNetCompiler.Updateable = "true"
		Release.AspNetCompiler.ForceOverwrite = "true"
		Release.AspNetCompiler.FixedNames = "false"
		Release.AspNetCompiler.Debug = "False"
		VWDPort = "61796"
		SlnRelativePath = "..\MothersDay_Card\"
	EndProjectSection
EndProject
Global
	GlobalSection(SolutionConfigurationPlatforms) = preSolution
		Debug|Any CPU = Debug|Any CPU
	EndGlobalSection
	GlobalSection(ProjectConfigurationPlatforms) = postSolution
		{AAFF5747-F37D-44F6-8BE4-CE3E0BA2F211}.Debug|Any CPU.ActiveCfg = Debug|Any CPU
		{AAFF5747-F37D-44F6-8BE4-CE3E0BA2F211}.Debug|Any CPU.Build.0 = Debug|Any CPU
	EndGlobalSection
	GlobalSection(SolutionProperties) = preSolution
		HideSolutionNode = FALSE
	EndGlobalSection
	GlobalSection(ExtensibilityGlobals) = postSolution
		SolutionGuid = {7804CB08-A15D-4D8C-A8EE-72A2373AD28F}
	EndGlobalSection
EndGlobal
